
Microsoft Visual Studio Solution File, Format Version 12.00
# Visual Studio 2013
VisualStudioVersion = 12.0.31101.0
MinimumVisualStudioVersion = 10.0.40219.1
Project("{8BC9CEB8-8B4A-11D0-8D11-00A0C91BC942}") = "graphics", "graphics\graphics.vcxproj", "{3CD804B9-41E3-4BA0-8094-F08E40987863}"
	ProjectSection(ProjectDependencies) = postProject
		{44D37693-34F1-4A6E-8E69-E3FB0EA5BB8C} = {44D37693-34F1-4A6E-8E69-E3FB0EA5BB8C}
	EndProjectSection
EndProject
Project("{8BC9CEB8-8B4A-11D0-8D11-00A0C91BC942}") = "Bengine", "Bengine\Bengine.vcxproj", "{44D37693-34F1-4A6E-8E69-E3FB0EA5BB8C}"
EndProject
Project("{8BC9CEB8-8B4A-11D0-8D11-00A0C91BC942}") = "ZombieGame1", "ZombieGame1\ZombieGame1.vcxproj", "{9D639C91-355F-4B06-A4C3-117A82A1740A}"
	ProjectSection(ProjectDependencies) = postProject
		{44D37693-34F1-4A6E-8E69-E3FB0EA5BB8C} = {44D37693-34F1-4A6E-8E69-E3FB0EA5BB8C}
	EndProjectSection
EndProject
Project("{8BC9CEB8-8B4A-11D0-8D11-00A0C91BC942}") = "NinjaPlatform", "NinjaPlatform\NinjaPlatform.vcxproj", "{C6BFD02F-0F8B-4D93-A26F-3C1F56462EBE}"
	ProjectSection(ProjectDependencies) = postProject
		{44D37693-34F1-4A6E-8E69-E3FB0EA5BB8C} = {44D37693-34F1-4A6E-8E69-E3FB0EA5BB8C}
	EndProjectSection
EndProject
Global
	GlobalSection(SolutionConfigurationPlatforms) = preSolution
		Debug|Win32 = Debug|Win32
		Release|Win32 = Release|Win32
	EndGlobalSection
	GlobalSection(ProjectConfigurationPlatforms) = postSolution
		{3CD804B9-41E3-4BA0-8094-F08E40987863}.Debug|Win32.ActiveCfg = Debug|Win32
		{3CD804B9-41E3-4BA0-8094-F08E40987863}.Debug|Win32.Build.0 = Debug|Win32
		{3CD804B9-41E3-4BA0-8094-F08E40987863}.Release|Win32.ActiveCfg = Release|Win32
		{3CD804B9-41E3-4BA0-8094-F08E40987863}.Release|Win32.Build.0 = Release|Win32
		{44D37693-34F1-4A6E-8E69-E3FB0EA5BB8C}.Debug|Win32.ActiveCfg = Debug|Win32
		{44D37693-34F1-4A6E-8E69-E3FB0EA5BB8C}.Debug|Win32.Build.0 = Debug|Win32
		{44D37693-34F1-4A6E-8E69-E3FB0EA5BB8C}.Release|Win32.ActiveCfg = Release|Win32
		{44D37693-34F1-4A6E-8E69-E3FB0EA5BB8C}.Release|Win32.Build.0 = Release|Win32
		{9D639C91-355F-4B06-A4C3-117A82A1740A}.Debug|Win32.ActiveCfg = Debug|Win32
		{9D639C91-355F-4B06-A4C3-117A82A1740A}.Debug|Win32.Build.0 = Debug|Win32
		{9D639C91-355F-4B06-A4C3-117A82A1740A}.Release|Win32.ActiveCfg = Release|Win32
		{9D639C91-355F-4B06-A4C3-117A82A1740A}.Release|Win32.Build.0 = Release|Win32
		{C6BFD02F-0F8B-4D93-A26F-3C1F56462EBE}.Debug|Win32.ActiveCfg = Debug|Win32
		{C6BFD02F-0F8B-4D93-A26F-3C1F56462EBE}.Debug|Win32.Build.0 = Debug|Win32
		{C6BFD02F-0F8B-4D93-A26F-3C1F56462EBE}.Release|Win32.ActiveCfg = Release|Win32
		{C6BFD02F-0F8B-4D93-A26F-3C1F56462EBE}.Release|Win32.Build.0 = Release|Win32
	EndGlobalSection
	GlobalSection(SolutionProperties) = preSolution
		HideSolutionNode = FALSE
	EndGlobalSection
EndGlobal
